// !$*UTF8*$!
{
	archiveVersion = 1;
	classes = {
	};
	objectVersion = 46;
	objects = {

/* Begin PBXBuildFile section */
		3DDE9B75F62A42C5804DF376 /* libPods.a in Frameworks */ = {isa = PBXBuildFile; fileRef = 540B745E8C7743FC8EF8F370 /* libPods.a */; };
		B2E1870519DE93190092BF7B /* main.m in Sources */ = {isa = PBXBuildFile; fileRef = B2E1870419DE93190092BF7B /* main.m */; };
		B2E1870819DE93190092BF7B /* AppDelegate.m in Sources */ = {isa = PBXBuildFile; fileRef = B2E1870719DE93190092BF7B /* AppDelegate.m */; };
		B2E1870B19DE93190092BF7B /* ViewController.m in Sources */ = {isa = PBXBuildFile; fileRef = B2E1870A19DE93190092BF7B /* ViewController.m */; };
		B2E1871019DE93190092BF7B /* Images.xcassets in Resources */ = {isa = PBXBuildFile; fileRef = B2E1870F19DE93190092BF7B /* Images.xcassets */; };
		BB2ED1510211A261E086C9D7 /* LoginViewSpec.m in Sources */ = {isa = PBXBuildFile; fileRef = BB2ED371CF4591DAF70EC138 /* LoginViewSpec.m */; };
		BB2ED886B8A5C48D51366038 /* LoginFormView.m in Sources */ = {isa = PBXBuildFile; fileRef = BB2ED8371D510C13ABF91052 /* LoginFormView.m */; };
		BB2ED99A1293D04BD6689EFE /* UIColor+EE.m in Sources */ = {isa = PBXBuildFile; fileRef = BB2EDC8C059BC571ECD14524 /* UIColor+EE.m */; };
		BB2EDEEC94AE066E25870439 /* FormModel.m in Sources */ = {isa = PBXBuildFile; fileRef = BB2ED9322610B9965FBF011F /* FormModel.m */; };
		D183358E01B947AFA446276E /* libPods-loginTests.a in Frameworks */ = {isa = PBXBuildFile; fileRef = AA4E6FA053B34F63A61582AD /* libPods-loginTests.a */; };
/* End PBXBuildFile section */

/* Begin PBXContainerItemProxy section */
		B2E1871919DE93190092BF7B /* PBXContainerItemProxy */ = {
			isa = PBXContainerItemProxy;
			containerPortal = B2E186F719DE93190092BF7B /* Project object */;
			proxyType = 1;
			remoteGlobalIDString = B2E186FE19DE93190092BF7B;
			remoteInfo = login;
		};
/* End PBXContainerItemProxy section */

/* Begin PBXFileReference section */
		540B745E8C7743FC8EF8F370 /* libPods.a */ = {isa = PBXFileReference; explicitFileType = archive.ar; includeInIndex = 0; path = libPods.a; sourceTree = BUILT_PRODUCTS_DIR; };
		AA4E6FA053B34F63A61582AD /* libPods-loginTests.a */ = {isa = PBXFileReference; explicitFileType = archive.ar; includeInIndex = 0; path = "libPods-loginTests.a"; sourceTree = BUILT_PRODUCTS_DIR; };
		B2E186FF19DE93190092BF7B /* login.app */ = {isa = PBXFileReference; explicitFileType = wrapper.application; includeInIndex = 0; path = login.app; sourceTree = BUILT_PRODUCTS_DIR; };
		B2E1870319DE93190092BF7B /* Info.plist */ = {isa = PBXFileReference; lastKnownFileType = text.plist.xml; path = Info.plist; sourceTree = "<group>"; };
		B2E1870419DE93190092BF7B /* main.m */ = {isa = PBXFileReference; lastKnownFileType = sourcecode.c.objc; path = main.m; sourceTree = "<group>"; };
		B2E1870619DE93190092BF7B /* AppDelegate.h */ = {isa = PBXFileReference; lastKnownFileType = sourcecode.c.h; path = AppDelegate.h; sourceTree = "<group>"; };
		B2E1870719DE93190092BF7B /* AppDelegate.m */ = {isa = PBXFileReference; lastKnownFileType = sourcecode.c.objc; path = AppDelegate.m; sourceTree = "<group>"; };
		B2E1870919DE93190092BF7B /* ViewController.h */ = {isa = PBXFileReference; lastKnownFileType = sourcecode.c.h; path = ViewController.h; sourceTree = "<group>"; };
		B2E1870A19DE93190092BF7B /* ViewController.m */ = {isa = PBXFileReference; lastKnownFileType = sourcecode.c.objc; path = ViewController.m; sourceTree = "<group>"; };
		B2E1870F19DE93190092BF7B /* Images.xcassets */ = {isa = PBXFileReference; lastKnownFileType = folder.assetcatalog; path = Images.xcassets; sourceTree = "<group>"; };
		B2E1871819DE93190092BF7B /* loginTests.xctest */ = {isa = PBXFileReference; explicitFileType = wrapper.cfbundle; includeInIndex = 0; path = loginTests.xctest; sourceTree = BUILT_PRODUCTS_DIR; };
		B2E1871D19DE93190092BF7B /* Info.plist */ = {isa = PBXFileReference; lastKnownFileType = text.plist.xml; path = Info.plist; sourceTree = "<group>"; };
		BB2ED371CF4591DAF70EC138 /* LoginViewSpec.m */ = {isa = PBXFileReference; fileEncoding = 4; lastKnownFileType = sourcecode.c.objc; path = LoginViewSpec.m; sourceTree = "<group>"; };
		BB2ED5C40B8A6FEF558AAA3A /* LoginFormView.h */ = {isa = PBXFileReference; fileEncoding = 4; lastKnownFileType = sourcecode.c.h; path = LoginFormView.h; sourceTree = "<group>"; };
		BB2ED6A72B9D67FAFCAC8015 /* UIColor+EE.h */ = {isa = PBXFileReference; fileEncoding = 4; lastKnownFileType = sourcecode.c.h; path = "UIColor+EE.h"; sourceTree = "<group>"; };
		BB2ED6A894187C83B5AE8014 /* FormModel.h */ = {isa = PBXFileReference; fileEncoding = 4; lastKnownFileType = sourcecode.c.h; path = FormModel.h; sourceTree = "<group>"; };
		BB2ED8371D510C13ABF91052 /* LoginFormView.m */ = {isa = PBXFileReference; fileEncoding = 4; lastKnownFileType = sourcecode.c.objc; path = LoginFormView.m; sourceTree = "<group>"; };
		BB2ED9322610B9965FBF011F /* FormModel.m */ = {isa = PBXFileReference; fileEncoding = 4; lastKnownFileType = sourcecode.c.objc; path = FormModel.m; sourceTree = "<group>"; };
		BB2EDC8C059BC571ECD14524 /* UIColor+EE.m */ = {isa = PBXFileReference; fileEncoding = 4; lastKnownFileType = sourcecode.c.objc; path = "UIColor+EE.m"; sourceTree = "<group>"; };
		D31287655D7C4106BF5651CC /* Pods-loginTests.xcconfig */ = {isa = PBXFileReference; includeInIndex = 1; lastKnownFileType = text.xcconfig; name = "Pods-loginTests.xcconfig"; path = "Pods/Pods-loginTests.xcconfig"; sourceTree = "<group>"; };
		FB7263C5DED64742A659BC1F /* Pods.xcconfig */ = {isa = PBXFileReference; includeInIndex = 1; lastKnownFileType = text.xcconfig; name = Pods.xcconfig; path = Pods/Pods.xcconfig; sourceTree = "<group>"; };
/* End PBXFileReference section */

/* Begin PBXFrameworksBuildPhase section */
		B2E186FC19DE93190092BF7B /* Frameworks */ = {
			isa = PBXFrameworksBuildPhase;
			buildActionMask = 2147483647;
			files = (
				3DDE9B75F62A42C5804DF376 /* libPods.a in Frameworks */,
			);
			runOnlyForDeploymentPostprocessing = 0;
		};
		B2E1871519DE93190092BF7B /* Frameworks */ = {
			isa = PBXFrameworksBuildPhase;
			buildActionMask = 2147483647;
			files = (
				D183358E01B947AFA446276E /* libPods-loginTests.a in Frameworks */,
			);
			runOnlyForDeploymentPostprocessing = 0;
		};
/* End PBXFrameworksBuildPhase section */

/* Begin PBXGroup section */
		7ECF6E85FFF54AB9BF0E35E5 /* Frameworks */ = {
			isa = PBXGroup;
			children = (
				540B745E8C7743FC8EF8F370 /* libPods.a */,
				AA4E6FA053B34F63A61582AD /* libPods-loginTests.a */,
			);
			name = Frameworks;
			sourceTree = "<group>";
		};
		B2E186F619DE93190092BF7B = {
			isa = PBXGroup;
			children = (
				B2E1870119DE93190092BF7B /* login */,
				B2E1871B19DE93190092BF7B /* loginTests */,
				B2E1870019DE93190092BF7B /* Products */,
				FB7263C5DED64742A659BC1F /* Pods.xcconfig */,
				7ECF6E85FFF54AB9BF0E35E5 /* Frameworks */,
				D31287655D7C4106BF5651CC /* Pods-loginTests.xcconfig */,
			);
			sourceTree = "<group>";
		};
		B2E1870019DE93190092BF7B /* Products */ = {
			isa = PBXGroup;
			children = (
				B2E186FF19DE93190092BF7B /* login.app */,
				B2E1871819DE93190092BF7B /* loginTests.xctest */,
			);
			name = Products;
			sourceTree = "<group>";
		};
		B2E1870119DE93190092BF7B /* login */ = {
			isa = PBXGroup;
			children = (
				B2E1870619DE93190092BF7B /* AppDelegate.h */,
				B2E1870719DE93190092BF7B /* AppDelegate.m */,
				B2E1870919DE93190092BF7B /* ViewController.h */,
				B2E1870A19DE93190092BF7B /* ViewController.m */,
				B2E1870F19DE93190092BF7B /* Images.xcassets */,
				B2E1870219DE93190092BF7B /* Supporting Files */,
				BB2ED8371D510C13ABF91052 /* LoginFormView.m */,
				BB2ED5C40B8A6FEF558AAA3A /* LoginFormView.h */,
				BB2EDC8C059BC571ECD14524 /* UIColor+EE.m */,
				BB2ED6A72B9D67FAFCAC8015 /* UIColor+EE.h */,
				BB2ED9322610B9965FBF011F /* FormModel.m */,
				BB2ED6A894187C83B5AE8014 /* FormModel.h */,
			);
			path = login;
			sourceTree = "<group>";
		};
		B2E1870219DE93190092BF7B /* Supporting Files */ = {
			isa = PBXGroup;
			children = (
				B2E1870319DE93190092BF7B /* Info.plist */,
				B2E1870419DE93190092BF7B /* main.m */,
			);
			name = "Supporting Files";
			sourceTree = "<group>";
		};
		B2E1871B19DE93190092BF7B /* loginTests */ = {
			isa = PBXGroup;
			children = (
				B2E1871C19DE93190092BF7B /* Supporting Files */,
				BB2ED371CF4591DAF70EC138 /* LoginViewSpec.m */,
			);
			path = loginTests;
			sourceTree = "<group>";
		};
		B2E1871C19DE93190092BF7B /* Supporting Files */ = {
			isa = PBXGroup;
			children = (
				B2E1871D19DE93190092BF7B /* Info.plist */,
			);
			name = "Supporting Files";
			sourceTree = "<group>";
		};
/* End PBXGroup section */

/* Begin PBXNativeTarget section */
		B2E186FE19DE93190092BF7B /* login */ = {
			isa = PBXNativeTarget;
			buildConfigurationList = B2E1872219DE93190092BF7B /* Build configuration list for PBXNativeTarget "login" */;
			buildPhases = (
				450536798FB84395B48A8422 /* Check Pods Manifest.lock */,
				B2E186FB19DE93190092BF7B /* Sources */,
				B2E186FC19DE93190092BF7B /* Frameworks */,
				B2E186FD19DE93190092BF7B /* Resources */,
				7F0FD0B968F44D10B091955A /* Copy Pods Resources */,
			);
			buildRules = (
			);
			dependencies = (
			);
			name = login;
			productName = login;
			productReference = B2E186FF19DE93190092BF7B /* login.app */;
			productType = "com.apple.product-type.application";
		};
		B2E1871719DE93190092BF7B /* loginTests */ = {
			isa = PBXNativeTarget;
			buildConfigurationList = B2E1872519DE93190092BF7B /* Build configuration list for PBXNativeTarget "loginTests" */;
			buildPhases = (
				61319770B6D04BA49BB49C26 /* Check Pods Manifest.lock */,
				B2E1871419DE93190092BF7B /* Sources */,
				B2E1871519DE93190092BF7B /* Frameworks */,
				B2E1871619DE93190092BF7B /* Resources */,
				23A7BE096FC545E09DF6A71E /* Copy Pods Resources */,
			);
			buildRules = (
			);
			dependencies = (
				B2E1871A19DE93190092BF7B /* PBXTargetDependency */,
			);
			name = loginTests;
			productName = loginTests;
			productReference = B2E1871819DE93190092BF7B /* loginTests.xctest */;
			productType = "com.apple.product-type.bundle.unit-test";
		};
/* End PBXNativeTarget section */

/* Begin PBXProject section */
		B2E186F719DE93190092BF7B /* Project object */ = {
			isa = PBXProject;
			attributes = {
				LastUpgradeCheck = 0600;
				ORGANIZATIONNAME = beergrammer;
				TargetAttributes = {
					B2E186FE19DE93190092BF7B = {
						CreatedOnToolsVersion = 6.0.1;
					};
					B2E1871719DE93190092BF7B = {
						CreatedOnToolsVersion = 6.0.1;
						TestTargetID = B2E186FE19DE93190092BF7B;
					};
				};
			};
			buildConfigurationList = B2E186FA19DE93190092BF7B /* Build configuration list for PBXProject "login" */;
			compatibilityVersion = "Xcode 3.2";
			developmentRegion = English;
			hasScannedForEncodings = 0;
			knownRegions = (
				en,
				Base,
			);
			mainGroup = B2E186F619DE93190092BF7B;
			productRefGroup = B2E1870019DE93190092BF7B /* Products */;
			projectDirPath = "";
			projectRoot = "";
			targets = (
				B2E186FE19DE93190092BF7B /* login */,
				B2E1871719DE93190092BF7B /* loginTests */,
			);
		};
/* End PBXProject section */

/* Begin PBXResourcesBuildPhase section */
		B2E186FD19DE93190092BF7B /* Resources */ = {
			isa = PBXResourcesBuildPhase;
			buildActionMask = 2147483647;
			files = (
				B2E1871019DE93190092BF7B /* Images.xcassets in Resources */,
			);
			runOnlyForDeploymentPostprocessing = 0;
		};
		B2E1871619DE93190092BF7B /* Resources */ = {
			isa = PBXResourcesBuildPhase;
			buildActionMask = 2147483647;
			files = (
			);
			runOnlyForDeploymentPostprocessing = 0;
		};
/* End PBXResourcesBuildPhase section */

/* Begin PBXShellScriptBuildPhase section */
		23A7BE096FC545E09DF6A71E /* Copy Pods Resources */ = {
			isa = PBXShellScriptBuildPhase;
			buildActionMask = 2147483647;
			files = (
			);
			inputPaths = (
			);
			name = "Copy Pods Resources";
			outputPaths = (
			);
			runOnlyForDeploymentPostprocessing = 0;
			shellPath = /bin/sh;
			shellScript = "\"${SRCROOT}/Pods/Pods-loginTests-resources.sh\"\n";
			showEnvVarsInLog = 0;
		};
		450536798FB84395B48A8422 /* Check Pods Manifest.lock */ = {
			isa = PBXShellScriptBuildPhase;
			buildActionMask = 2147483647;
			files = (
			);
			inputPaths = (
			);
			name = "Check Pods Manifest.lock";
			outputPaths = (
			);
			runOnlyForDeploymentPostprocessing = 0;
			shellPath = /bin/sh;
			shellScript = "diff \"${PODS_ROOT}/../Podfile.lock\" \"${PODS_ROOT}/Manifest.lock\" > /dev/null\nif [[ $? != 0 ]] ; then\n    cat << EOM\nerror: The sandbox is not in sync with the Podfile.lock. Run 'pod install' or update your CocoaPods installation.\nEOM\n    exit 1\nfi\n";
			showEnvVarsInLog = 0;
		};
		61319770B6D04BA49BB49C26 /* Check Pods Manifest.lock */ = {
			isa = PBXShellScriptBuildPhase;
			buildActionMask = 2147483647;
			files = (
			);
			inputPaths = (
			);
			name = "Check Pods Manifest.lock";
			outputPaths = (
			);
			runOnlyForDeploymentPostprocessing = 0;
			shellPath = /bin/sh;
			shellScript = "diff \"${PODS_ROOT}/../Podfile.lock\" \"${PODS_ROOT}/Manifest.lock\" > /dev/null\nif [[ $? != 0 ]] ; then\n    cat << EOM\nerror: The sandbox is not in sync with the Podfile.lock. Run 'pod install' or update your CocoaPods installation.\nEOM\n    exit 1\nfi\n";
			showEnvVarsInLog = 0;
		};
		7F0FD0B968F44D10B091955A /* Copy Pods Resources */ = {
			isa = PBXShellScriptBuildPhase;
			buildActionMask = 2147483647;
			files = (
			);
			inputPaths = (
			);
			name = "Copy Pods Resources";
			outputPaths = (
			);
			runOnlyForDeploymentPostprocessing = 0;
			shellPath = /bin/sh;
			shellScript = "\"${SRCROOT}/Pods/Pods-resources.sh\"\n";
			showEnvVarsInLog = 0;
		};
/* End PBXShellScriptBuildPhase section */

/* Begin PBXSourcesBuildPhase section */
		B2E186FB19DE93190092BF7B /* Sources */ = {
			isa = PBXSourcesBuildPhase;
			buildActionMask = 2147483647;
			files = (
				B2E1870B19DE93190092BF7B /* ViewController.m in Sources */,
				B2E1870819DE93190092BF7B /* AppDelegate.m in Sources */,
				B2E1870519DE93190092BF7B /* main.m in Sources */,
				BB2ED886B8A5C48D51366038 /* LoginFormView.m in Sources */,
				BB2ED99A1293D04BD6689EFE /* UIColor+EE.m in Sources */,
				BB2EDEEC94AE066E25870439 /* FormModel.m in Sources */,
			);
			runOnlyForDeploymentPostprocessing = 0;
		};
		B2E1871419DE93190092BF7B /* Sources */ = {
			isa = PBXSourcesBuildPhase;
			buildActionMask = 2147483647;
			files = (
				BB2ED1510211A261E086C9D7 /* LoginViewSpec.m in Sources */,
			);
			runOnlyForDeploymentPostprocessing = 0;
		};
/* End PBXSourcesBuildPhase section */

/* Begin PBXTargetDependency section */
		B2E1871A19DE93190092BF7B /* PBXTargetDependency */ = {
			isa = PBXTargetDependency;
			target = B2E186FE19DE93190092BF7B /* login */;
			targetProxy = B2E1871919DE93190092BF7B /* PBXContainerItemProxy */;
		};
/* End PBXTargetDependency section */

/* Begin XCBuildConfiguration section */
		B2E1872019DE93190092BF7B /* Debug */ = {
			isa = XCBuildConfiguration;
			buildSettings = {
				ALWAYS_SEARCH_USER_PATHS = NO;
				CLANG_CXX_LANGUAGE_STANDARD = "gnu++0x";
				CLANG_CXX_LIBRARY = "libc++";
				CLANG_ENABLE_MODULES = YES;
				CLANG_ENABLE_OBJC_ARC = YES;
				CLANG_WARN_BOOL_CONVERSION = YES;
				CLANG_WARN_CONSTANT_CONVERSION = YES;
				CLANG_WARN_DIRECT_OBJC_ISA_USAGE = YES_ERROR;
				CLANG_WARN_EMPTY_BODY = YES;
				CLANG_WARN_ENUM_CONVERSION = YES;
				CLANG_WARN_INT_CONVERSION = YES;
				CLANG_WARN_OBJC_ROOT_CLASS = YES_ERROR;
				CLANG_WARN_UNREACHABLE_CODE = YES;
				CLANG_WARN__DUPLICATE_METHOD_MATCH = YES;
				"CODE_SIGN_IDENTITY[sdk=iphoneos*]" = "iPhone Developer";
				COPY_PHASE_STRIP = NO;
				ENABLE_STRICT_OBJC_MSGSEND = YES;
				FRAMEWORK_SEARCH_PATHS = "$(PLATFORM_DIR)/Developer/Library/Frameworks/**";
				GCC_C_LANGUAGE_STANDARD = gnu99;
				GCC_DYNAMIC_NO_PIC = NO;
				GCC_OPTIMIZATION_LEVEL = 0;
				GCC_PREPROCESSOR_DEFINITIONS = (
					"DEBUG=1",
					"$(inherited)",
				);
				GCC_SYMBOLS_PRIVATE_EXTERN = NO;
				GCC_WARN_64_TO_32_BIT_CONVERSION = YES;
				GCC_WARN_ABOUT_RETURN_TYPE = YES_ERROR;
				GCC_WARN_UNDECLARED_SELECTOR = YES;
				GCC_WARN_UNINITIALIZED_AUTOS = YES_AGGRESSIVE;
				GCC_WARN_UNUSED_FUNCTION = YES;
				GCC_WARN_UNUSED_VARIABLE = YES;
				IPHONEOS_DEPLOYMENT_TARGET = 7.1;
				MTL_ENABLE_DEBUG_INFO = YES;
				ONLY_ACTIVE_ARCH = YES;
				SDKROOT = iphoneos;
				TARGETED_DEVICE_FAMILY = "1,2";
			};
			name = Debug;
		};
		B2E1872119DE93190092BF7B /* Release */ = {
			isa = XCBuildConfiguration;
			buildSettings = {
				ALWAYS_SEARCH_USER_PATHS = NO;
				CLANG_CXX_LANGUAGE_STANDARD = "gnu++0x";
				CLANG_CXX_LIBRARY = "libc++";
				CLANG_ENABLE_MODULES = YES;
				CLANG_ENABLE_OBJC_ARC = YES;
				CLANG_WARN_BOOL_CONVERSION = YES;
				CLANG_WARN_CONSTANT_CONVERSION = YES;
				CLANG_WARN_DIRECT_OBJC_ISA_USAGE = YES_ERROR;
				CLANG_WARN_EMPTY_BODY = YES;
				CLANG_WARN_ENUM_CONVERSION = YES;
				CLANG_WARN_INT_CONVERSION = YES;
				CLANG_WARN_OBJC_ROOT_CLASS = YES_ERROR;
				CLANG_WARN_UNREACHABLE_CODE = YES;
				CLANG_WARN__DUPLICATE_METHOD_MATCH = YES;
				"CODE_SIGN_IDENTITY[sdk=iphoneos*]" = "iPhone Developer";
				COPY_PHASE_STRIP = YES;
				ENABLE_NS_ASSERTIONS = NO;
				ENABLE_STRICT_OBJC_MSGSEND = YES;
				FRAMEWORK_SEARCH_PATHS = "$(PLATFORM_DIR)/Developer/Library/Frameworks/**";
				GCC_C_LANGUAGE_STANDARD = gnu99;
				GCC_WARN_64_TO_32_BIT_CONVERSION = YES;
				GCC_WARN_ABOUT_RETURN_TYPE = YES_ERROR;
				GCC_WARN_UNDECLARED_SELECTOR = YES;
				GCC_WARN_UNINITIALIZED_AUTOS = YES_AGGRESSIVE;
				GCC_WARN_UNUSED_FUNCTION = YES;
				GCC_WARN_UNUSED_VARIABLE = YES;
				IPHONEOS_DEPLOYMENT_TARGET = 7.1;
				MTL_ENABLE_DEBUG_INFO = NO;
				SDKROOT = iphoneos;
				TARGETED_DEVICE_FAMILY = "1,2";
				VALIDATE_PRODUCT = YES;
			};
			name = Release;
		};
		B2E1872319DE93190092BF7B /* Debug */ = {
			isa = XCBuildConfiguration;
			baseConfigurationReference = FB7263C5DED64742A659BC1F /* Pods.xcconfig */;
			buildSettings = {
				ASSETCATALOG_COMPILER_APPICON_NAME = AppIcon;
				INFOPLIST_FILE = login/Info.plist;
				LD_RUNPATH_SEARCH_PATHS = "$(inherited) @executable_path/Frameworks";
				PRODUCT_NAME = "$(TARGET_NAME)";
				USER_HEADER_SEARCH_PATHS = "\"${PROJECT_DIR}/Pods\"/**";
			};
			name = Debug;
		};
		B2E1872419DE93190092BF7B /* Release */ = {
			isa = XCBuildConfiguration;
			baseConfigurationReference = FB7263C5DED64742A659BC1F /* Pods.xcconfig */;
			buildSettings = {
				ASSETCATALOG_COMPILER_APPICON_NAME = AppIcon;
				INFOPLIST_FILE = login/Info.plist;
				LD_RUNPATH_SEARCH_PATHS = "$(inherited) @executable_path/Frameworks";
				PRODUCT_NAME = "$(TARGET_NAME)";
				USER_HEADER_SEARCH_PATHS = "\"${PROJECT_DIR}/Pods\"/**";
			};
			name = Release;
		};
		B2E1872619DE93190092BF7B /* Debug */ = {
			isa = XCBuildConfiguration;
			baseConfigurationReference = D31287655D7C4106BF5651CC /* Pods-loginTests.xcconfig */;
			buildSettings = {
				BUNDLE_LOADER = "$(TEST_HOST)";
				FRAMEWORK_SEARCH_PATHS = (
					"$(SDKROOT)/Developer/Library/Frameworks",
					"$(inherited)",
				);
				GCC_PREPROCESSOR_DEFINITIONS = (
					"DEBUG=1",
					"$(inherited)",
				);
				INFOPLIST_FILE = loginTests/Info.plist;
				LD_RUNPATH_SEARCH_PATHS = "$(inherited) @executable_path/Frameworks @loader_path/Frameworks";
				PRODUCT_NAME = "$(TARGET_NAME)";
				TEST_HOST = "$(BUILT_PRODUCTS_DIR)/login.app/login";
			};
			name = Debug;
		};
		B2E1872719DE93190092BF7B /* Release */ = {
			isa = XCBuildConfiguration;
			baseConfigurationReference = D31287655D7C4106BF5651CC /* Pods-loginTests.xcconfig */;
			buildSettings = {
				BUNDLE_LOADER = "$(TEST_HOST)";
				FRAMEWORK_SEARCH_PATHS = (
					"$(SDKROOT)/Developer/Library/Frameworks",
					"$(inherited)",
				);
				INFOPLIST_FILE = loginTests/Info.plist;
				LD_RUNPATH_SEARCH_PATHS = "$(inherited) @executable_path/Frameworks @loader_path/Frameworks";
				PRODUCT_NAME = "$(TARGET_NAME)";
				TEST_HOST = "$(BUILT_PRODUCTS_DIR)/login.app/login";
			};
			name = Release;
		};
/* End XCBuildConfiguration section */

/* Begin XCConfigurationList section */
		B2E186FA19DE93190092BF7B /* Build configuration list for PBXProject "login" */ = {
			isa = XCConfigurationList;
			buildConfigurations = (
				B2E1872019DE93190092BF7B /* Debug */,
				B2E1872119DE93190092BF7B /* Release */,
			);
			defaultConfigurationIsVisible = 0;
			defaultConfigurationName = Release;
		};
		B2E1872219DE93190092BF7B /* Build configuration list for PBXNativeTarget "login" */ = {
			isa = XCConfigurationList;
			buildConfigurations = (
				B2E1872319DE93190092BF7B /* Debug */,
				B2E1872419DE93190092BF7B /* Release */,
			);
			defaultConfigurationIsVisible = 0;
			defaultConfigurationName = Release;
		};
		B2E1872519DE93190092BF7B /* Build configuration list for PBXNativeTarget "loginTests" */ = {
			isa = XCConfigurationList;
			buildConfigurations = (
				B2E1872619DE93190092BF7B /* Debug */,
				B2E1872719DE93190092BF7B /* Release */,
			);
			defaultConfigurationIsVisible = 0;
			defaultConfigurationName = Release;
		};
/* End XCConfigurationList section */
	};
	rootObject = B2E186F719DE93190092BF7B /* Project object */;
}
